
Microsoft Visual Studio Solution File, Format Version 12.00
# Visual Studio 15
VisualStudioVersion = 15.0.28010.2016
MinimumVisualStudioVersion = 10.0.40219.1
Project("{FAE04EC0-301F-11D3-BF4B-00C04F79EFBC}") = "lastflow", "lastflow.csproj", "{D19C82FE-8736-4088-A987-DDD4D311FEF5}"
EndProject
Global
	GlobalSection(SolutionConfigurationPlatforms) = preSolution
		Debug|Any CPU = Debug|Any CPU
		Release|Any CPU = Release|Any CPU
	EndGlobalSection
	GlobalSection(ProjectConfigurationPlatforms) = postSolution
		{D19C82FE-8736-4088-A987-DDD4D311FEF5}.Debug|Any CPU.ActiveCfg = Debug|Any CPU
		{D19C82FE-8736-4088-A987-DDD4D311FEF5}.Debug|Any CPU.Build.0 = Debug|Any CPU
		{D19C82FE-8736-4088-A987-DDD4D311FEF5}.Release|Any CPU.ActiveCfg = Release|Any CPU
		{D19C82FE-8736-4088-A987-DDD4D311FEF5}.Release|Any CPU.Build.0 = Release|Any CPU
	EndGlobalSection
	GlobalSection(SolutionProperties) = preSolution
		HideSolutionNode = FALSE
	EndGlobalSection
	GlobalSection(ExtensibilityGlobals) = postSolution
		SolutionGuid = {5032923C-C918-4D54-808C-E59FB71E16CC}
	EndGlobalSection
EndGlobal
